
Microsoft Visual Studio Solution File, Format Version 12.00
# Visual Studio Version 17
VisualStudioVersion = 17.0.31903.59
MinimumVisualStudioVersion = 10.0.40219.1
Project("{9A19103F-16F7-4668-BE54-9A1E7A4F7556}") = "Smart.Analyzers.JapaneseComment", "Smart.Analyzers.JapaneseComment\Smart.Analyzers.JapaneseComment.csproj", "{7047AF83-6F00-4978-B620-52C6E42EDF46}"
EndProject
Project("{9A19103F-16F7-4668-BE54-9A1E7A4F7556}") = "Smart.Analyzers.JapaneseComment.Sample", "Smart.Analyzers.JapaneseComment.Sample\Smart.Analyzers.JapaneseComment.Sample.csproj", "{A55377E0-956A-4447-9A7E-D82B778B3E19}"
EndProject
Project("{2150E333-8FDC-42A3-9474-1A3956D46DE8}") = "Solution Items", "Solution Items", "{44C9AEB4-DE0E-4552-A104-6A6803D479A4}"
	ProjectSection(SolutionItems) = preProject
		.editorconfig = .editorconfig
		.gitattributes = .gitattributes
		.gitignore = .gitignore
		Directory.Build.props = Directory.Build.props
		Directory.Build.targets = Directory.Build.targets
		LICENSE = LICENSE
		README.md = README.md
		Smart.Analyzers.JapaneseComment.ruleset = Smart.Analyzers.JapaneseComment.ruleset
	EndProjectSection
EndProject
Global
	GlobalSection(SolutionConfigurationPlatforms) = preSolution
		Debug|Any CPU = Debug|Any CPU
		Release|Any CPU = Release|Any CPU
	EndGlobalSection
	GlobalSection(ProjectConfigurationPlatforms) = postSolution
		{7047AF83-6F00-4978-B620-52C6E42EDF46}.Debug|Any CPU.ActiveCfg = Debug|Any CPU
		{7047AF83-6F00-4978-B620-52C6E42EDF46}.Debug|Any CPU.Build.0 = Debug|Any CPU
		{7047AF83-6F00-4978-B620-52C6E42EDF46}.Release|Any CPU.ActiveCfg = Release|Any CPU
		{7047AF83-6F00-4978-B620-52C6E42EDF46}.Release|Any CPU.Build.0 = Release|Any CPU
		{A55377E0-956A-4447-9A7E-D82B778B3E19}.Debug|Any CPU.ActiveCfg = Debug|Any CPU
		{A55377E0-956A-4447-9A7E-D82B778B3E19}.Debug|Any CPU.Build.0 = Debug|Any CPU
		{A55377E0-956A-4447-9A7E-D82B778B3E19}.Release|Any CPU.ActiveCfg = Release|Any CPU
		{A55377E0-956A-4447-9A7E-D82B778B3E19}.Release|Any CPU.Build.0 = Release|Any CPU
	EndGlobalSection
	GlobalSection(SolutionProperties) = preSolution
		HideSolutionNode = FALSE
	EndGlobalSection
	GlobalSection(ExtensibilityGlobals) = postSolution
		SolutionGuid = {747B1EF6-9E0A-43BF-9C3E-DC4EC7951F3E}
	EndGlobalSection
EndGlobal
